
Microsoft Visual Studio Solution File, Format Version 10.00
# Visual Studio 2008
Project("{FAE04EC0-301F-11D3-BF4B-00C04F79EFBC}") = "WTerm", "WTerm\WTerm.csproj", "{44D489D2-EDFC-44A8-89A5-ADB1A59F2C3F}"
	ProjectSection(ProjectDependencies) = postProject
		{5997EAFF-0B50-429D-BE6C-82F17FFB7A5E} = {5997EAFF-0B50-429D-BE6C-82F17FFB7A5E}
	EndProjectSection
EndProject
Project("{FAE04EC0-301F-11D3-BF4B-00C04F79EFBC}") = "TerminalEmulator", "TerminalEmulator\TerminalEmulator.csproj", "{615CB8D6-C77F-49F5-AA82-03938C8501A5}"
EndProject
Project("{FAE04EC0-301F-11D3-BF4B-00C04F79EFBC}") = "FiniteStateMachine", "FiniteStateMachine\FiniteStateMachine.csproj", "{0A127335-595D-454F-BDEA-CEEB3C9F01C2}"
	ProjectSection(ProjectDependencies) = postProject
		{87FD5206-28E1-4584-9752-8C095A4972FC} = {87FD5206-28E1-4584-9752-8C095A4972FC}
	EndProjectSection
EndProject
Project("{8BC9CEB8-8B4A-11D0-8D11-00A0C91BC942}") = "jay", "jay\jay.vcproj", "{87FD5206-28E1-4584-9752-8C095A4972FC}"
EndProject
Project("{8BC9CEB8-8B4A-11D0-8D11-00A0C91BC942}") = "netkit_telnet", "netkit_telnet\netkit_telnet.vcproj", "{5997EAFF-0B50-429D-BE6C-82F17FFB7A5E}"
EndProject
Project("{FAE04EC0-301F-11D3-BF4B-00C04F79EFBC}") = "Xterm", "Xterm\Xterm.csproj", "{852B1C9B-1253-42EA-9BDD-A26AD9C3153F}"
	ProjectSection(ProjectDependencies) = postProject
		{35FD862C-01D8-4656-8FFA-578C28B49401} = {35FD862C-01D8-4656-8FFA-578C28B49401}
	EndProjectSection
EndProject
Project("{FAE04EC0-301F-11D3-BF4B-00C04F79EFBC}") = "FSMGenerator", "FSMGenerator\FSMGenerator.csproj", "{35FD862C-01D8-4656-8FFA-578C28B49401}"
EndProject
Project("{FAE04EC0-301F-11D3-BF4B-00C04F79EFBC}") = "Charset_GBK", "Charset_GBK\Charset_GBK.csproj", "{3B18A226-250F-4BBB-894E-6C5B35B3E1E7}"
EndProject
Project("{FAE04EC0-301F-11D3-BF4B-00C04F79EFBC}") = "Charset", "Charset\Charset.csproj", "{34B1A485-A251-4BC4-8F57-8291578E0707}"
EndProject
Project("{FAE04EC0-301F-11D3-BF4B-00C04F79EFBC}") = "TermType", "TermType\TermType.csproj", "{9D6A5FFA-F5DD-4DBB-A16A-5C3CAD99AF3D}"
EndProject
Project("{FAE04EC0-301F-11D3-BF4B-00C04F79EFBC}") = "Terminal", "Terminal\Terminal.csproj", "{65C8D20B-644C-47EF-B434-B3ADDD2B1690}"
EndProject
Global
	GlobalSection(SolutionConfigurationPlatforms) = preSolution
		Debug|Any CPU = Debug|Any CPU
		Debug|x64 = Debug|x64
		Debug|x86 = Debug|x86
		Release|Any CPU = Release|Any CPU
		Release|x64 = Release|x64
		Release|x86 = Release|x86
	EndGlobalSection
	GlobalSection(ProjectConfigurationPlatforms) = postSolution
		{44D489D2-EDFC-44A8-89A5-ADB1A59F2C3F}.Debug|Any CPU.ActiveCfg = Debug|Any CPU
		{44D489D2-EDFC-44A8-89A5-ADB1A59F2C3F}.Debug|Any CPU.Build.0 = Debug|Any CPU
		{44D489D2-EDFC-44A8-89A5-ADB1A59F2C3F}.Debug|x64.ActiveCfg = Debug|x64
		{44D489D2-EDFC-44A8-89A5-ADB1A59F2C3F}.Debug|x64.Build.0 = Debug|x64
		{44D489D2-EDFC-44A8-89A5-ADB1A59F2C3F}.Debug|x86.ActiveCfg = Debug|x86
		{44D489D2-EDFC-44A8-89A5-ADB1A59F2C3F}.Debug|x86.Build.0 = Debug|x86
		{44D489D2-EDFC-44A8-89A5-ADB1A59F2C3F}.Release|Any CPU.ActiveCfg = Release|Any CPU
		{44D489D2-EDFC-44A8-89A5-ADB1A59F2C3F}.Release|Any CPU.Build.0 = Release|Any CPU
		{44D489D2-EDFC-44A8-89A5-ADB1A59F2C3F}.Release|x64.ActiveCfg = Release|x64
		{44D489D2-EDFC-44A8-89A5-ADB1A59F2C3F}.Release|x64.Build.0 = Release|x64
		{44D489D2-EDFC-44A8-89A5-ADB1A59F2C3F}.Release|x86.ActiveCfg = Release|x86
		{44D489D2-EDFC-44A8-89A5-ADB1A59F2C3F}.Release|x86.Build.0 = Release|x86
		{615CB8D6-C77F-49F5-AA82-03938C8501A5}.Debug|Any CPU.ActiveCfg = Debug|Any CPU
		{615CB8D6-C77F-49F5-AA82-03938C8501A5}.Debug|Any CPU.Build.0 = Debug|Any CPU
		{615CB8D6-C77F-49F5-AA82-03938C8501A5}.Debug|x64.ActiveCfg = Debug|x64
		{615CB8D6-C77F-49F5-AA82-03938C8501A5}.Debug|x64.Build.0 = Debug|x64
		{615CB8D6-C77F-49F5-AA82-03938C8501A5}.Debug|x86.ActiveCfg = Debug|x86
		{615CB8D6-C77F-49F5-AA82-03938C8501A5}.Debug|x86.Build.0 = Debug|x86
		{615CB8D6-C77F-49F5-AA82-03938C8501A5}.Release|Any CPU.ActiveCfg = Release|Any CPU
		{615CB8D6-C77F-49F5-AA82-03938C8501A5}.Release|Any CPU.Build.0 = Release|Any CPU
		{615CB8D6-C77F-49F5-AA82-03938C8501A5}.Release|x64.ActiveCfg = Release|x64
		{615CB8D6-C77F-49F5-AA82-03938C8501A5}.Release|x64.Build.0 = Release|x64
		{615CB8D6-C77F-49F5-AA82-03938C8501A5}.Release|x86.ActiveCfg = Release|x86
		{615CB8D6-C77F-49F5-AA82-03938C8501A5}.Release|x86.Build.0 = Release|x86
		{0A127335-595D-454F-BDEA-CEEB3C9F01C2}.Debug|Any CPU.ActiveCfg = Debug|Any CPU
		{0A127335-595D-454F-BDEA-CEEB3C9F01C2}.Debug|Any CPU.Build.0 = Debug|Any CPU
		{0A127335-595D-454F-BDEA-CEEB3C9F01C2}.Debug|x64.ActiveCfg = Debug|x64
		{0A127335-595D-454F-BDEA-CEEB3C9F01C2}.Debug|x64.Build.0 = Debug|x64
		{0A127335-595D-454F-BDEA-CEEB3C9F01C2}.Debug|x86.ActiveCfg = Debug|x86
		{0A127335-595D-454F-BDEA-CEEB3C9F01C2}.Debug|x86.Build.0 = Debug|x86
		{0A127335-595D-454F-BDEA-CEEB3C9F01C2}.Release|Any CPU.ActiveCfg = Release|Any CPU
		{0A127335-595D-454F-BDEA-CEEB3C9F01C2}.Release|Any CPU.Build.0 = Release|Any CPU
		{0A127335-595D-454F-BDEA-CEEB3C9F01C2}.Release|x64.ActiveCfg = Release|x64
		{0A127335-595D-454F-BDEA-CEEB3C9F01C2}.Release|x64.Build.0 = Release|x64
		{0A127335-595D-454F-BDEA-CEEB3C9F01C2}.Release|x86.ActiveCfg = Release|x86
		{0A127335-595D-454F-BDEA-CEEB3C9F01C2}.Release|x86.Build.0 = Release|x86
		{87FD5206-28E1-4584-9752-8C095A4972FC}.Debug|Any CPU.ActiveCfg = Debug|Win32
		{87FD5206-28E1-4584-9752-8C095A4972FC}.Debug|Any CPU.Build.0 = Debug|Win32
		{87FD5206-28E1-4584-9752-8C095A4972FC}.Debug|x64.ActiveCfg = Debug|Win32
		{87FD5206-28E1-4584-9752-8C095A4972FC}.Debug|x64.Build.0 = Debug|Win32
		{87FD5206-28E1-4584-9752-8C095A4972FC}.Debug|x86.ActiveCfg = Debug|Win32
		{87FD5206-28E1-4584-9752-8C095A4972FC}.Debug|x86.Build.0 = Debug|Win32
		{87FD5206-28E1-4584-9752-8C095A4972FC}.Release|Any CPU.ActiveCfg = Release|Win32
		{87FD5206-28E1-4584-9752-8C095A4972FC}.Release|Any CPU.Build.0 = Release|Win32
		{87FD5206-28E1-4584-9752-8C095A4972FC}.Release|x64.ActiveCfg = Release|x64
		{87FD5206-28E1-4584-9752-8C095A4972FC}.Release|x64.Build.0 = Release|x64
		{87FD5206-28E1-4584-9752-8C095A4972FC}.Release|x86.ActiveCfg = Release|Win32
		{87FD5206-28E1-4584-9752-8C095A4972FC}.Release|x86.Build.0 = Release|Win32
		{5997EAFF-0B50-429D-BE6C-82F17FFB7A5E}.Debug|Any CPU.ActiveCfg = Debug|Win32
		{5997EAFF-0B50-429D-BE6C-82F17FFB7A5E}.Debug|Any CPU.Build.0 = Debug|Win32
		{5997EAFF-0B50-429D-BE6C-82F17FFB7A5E}.Debug|x64.ActiveCfg = Debug|Win32
		{5997EAFF-0B50-429D-BE6C-82F17FFB7A5E}.Debug|x64.Build.0 = Debug|Win32
		{5997EAFF-0B50-429D-BE6C-82F17FFB7A5E}.Debug|x86.ActiveCfg = Debug|Win32
		{5997EAFF-0B50-429D-BE6C-82F17FFB7A5E}.Debug|x86.Build.0 = Debug|Win32
		{5997EAFF-0B50-429D-BE6C-82F17FFB7A5E}.Release|Any CPU.ActiveCfg = Release|Win32
		{5997EAFF-0B50-429D-BE6C-82F17FFB7A5E}.Release|Any CPU.Build.0 = Release|Win32
		{5997EAFF-0B50-429D-BE6C-82F17FFB7A5E}.Release|x64.ActiveCfg = Release|x64
		{5997EAFF-0B50-429D-BE6C-82F17FFB7A5E}.Release|x64.Build.0 = Release|x64
		{5997EAFF-0B50-429D-BE6C-82F17FFB7A5E}.Release|x86.ActiveCfg = Release|Win32
		{5997EAFF-0B50-429D-BE6C-82F17FFB7A5E}.Release|x86.Build.0 = Release|Win32
		{852B1C9B-1253-42EA-9BDD-A26AD9C3153F}.Debug|Any CPU.ActiveCfg = Debug|Any CPU
		{852B1C9B-1253-42EA-9BDD-A26AD9C3153F}.Debug|Any CPU.Build.0 = Debug|Any CPU
		{852B1C9B-1253-42EA-9BDD-A26AD9C3153F}.Debug|x64.ActiveCfg = Debug|x64
		{852B1C9B-1253-42EA-9BDD-A26AD9C3153F}.Debug|x64.Build.0 = Debug|x64
		{852B1C9B-1253-42EA-9BDD-A26AD9C3153F}.Debug|x86.ActiveCfg = Debug|x86
		{852B1C9B-1253-42EA-9BDD-A26AD9C3153F}.Debug|x86.Build.0 = Debug|x86
		{852B1C9B-1253-42EA-9BDD-A26AD9C3153F}.Release|Any CPU.ActiveCfg = Release|Any CPU
		{852B1C9B-1253-42EA-9BDD-A26AD9C3153F}.Release|Any CPU.Build.0 = Release|Any CPU
		{852B1C9B-1253-42EA-9BDD-A26AD9C3153F}.Release|x64.ActiveCfg = Release|x64
		{852B1C9B-1253-42EA-9BDD-A26AD9C3153F}.Release|x64.Build.0 = Release|x64
		{852B1C9B-1253-42EA-9BDD-A26AD9C3153F}.Release|x86.ActiveCfg = Release|x86
		{852B1C9B-1253-42EA-9BDD-A26AD9C3153F}.Release|x86.Build.0 = Release|x86
		{35FD862C-01D8-4656-8FFA-578C28B49401}.Debug|Any CPU.ActiveCfg = Debug|Any CPU
		{35FD862C-01D8-4656-8FFA-578C28B49401}.Debug|Any CPU.Build.0 = Debug|Any CPU
		{35FD862C-01D8-4656-8FFA-578C28B49401}.Debug|x64.ActiveCfg = Debug|x64
		{35FD862C-01D8-4656-8FFA-578C28B49401}.Debug|x64.Build.0 = Debug|x64
		{35FD862C-01D8-4656-8FFA-578C28B49401}.Debug|x86.ActiveCfg = Debug|x86
		{35FD862C-01D8-4656-8FFA-578C28B49401}.Debug|x86.Build.0 = Debug|x86
		{35FD862C-01D8-4656-8FFA-578C28B49401}.Release|Any CPU.ActiveCfg = Release|Any CPU
		{35FD862C-01D8-4656-8FFA-578C28B49401}.Release|Any CPU.Build.0 = Release|Any CPU
		{35FD862C-01D8-4656-8FFA-578C28B49401}.Release|x64.ActiveCfg = Release|x64
		{35FD862C-01D8-4656-8FFA-578C28B49401}.Release|x64.Build.0 = Release|x64
		{35FD862C-01D8-4656-8FFA-578C28B49401}.Release|x86.ActiveCfg = Release|x86
		{35FD862C-01D8-4656-8FFA-578C28B49401}.Release|x86.Build.0 = Release|x86
		{3B18A226-250F-4BBB-894E-6C5B35B3E1E7}.Debug|Any CPU.ActiveCfg = Debug|Any CPU
		{3B18A226-250F-4BBB-894E-6C5B35B3E1E7}.Debug|Any CPU.Build.0 = Debug|Any CPU
		{3B18A226-250F-4BBB-894E-6C5B35B3E1E7}.Debug|x64.ActiveCfg = Debug|x64
		{3B18A226-250F-4BBB-894E-6C5B35B3E1E7}.Debug|x64.Build.0 = Debug|x64
		{3B18A226-250F-4BBB-894E-6C5B35B3E1E7}.Debug|x86.ActiveCfg = Debug|x86
		{3B18A226-250F-4BBB-894E-6C5B35B3E1E7}.Debug|x86.Build.0 = Debug|x86
		{3B18A226-250F-4BBB-894E-6C5B35B3E1E7}.Release|Any CPU.ActiveCfg = Release|Any CPU
		{3B18A226-250F-4BBB-894E-6C5B35B3E1E7}.Release|Any CPU.Build.0 = Release|Any CPU
		{3B18A226-250F-4BBB-894E-6C5B35B3E1E7}.Release|x64.ActiveCfg = Release|x64
		{3B18A226-250F-4BBB-894E-6C5B35B3E1E7}.Release|x64.Build.0 = Release|x64
		{3B18A226-250F-4BBB-894E-6C5B35B3E1E7}.Release|x86.ActiveCfg = Release|x86
		{3B18A226-250F-4BBB-894E-6C5B35B3E1E7}.Release|x86.Build.0 = Release|x86
		{34B1A485-A251-4BC4-8F57-8291578E0707}.Debug|Any CPU.ActiveCfg = Debug|Any CPU
		{34B1A485-A251-4BC4-8F57-8291578E0707}.Debug|Any CPU.Build.0 = Debug|Any CPU
		{34B1A485-A251-4BC4-8F57-8291578E0707}.Debug|x64.ActiveCfg = Debug|x64
		{34B1A485-A251-4BC4-8F57-8291578E0707}.Debug|x64.Build.0 = Debug|x64
		{34B1A485-A251-4BC4-8F57-8291578E0707}.Debug|x86.ActiveCfg = Debug|x86
		{34B1A485-A251-4BC4-8F57-8291578E0707}.Debug|x86.Build.0 = Debug|x86
		{34B1A485-A251-4BC4-8F57-8291578E0707}.Release|Any CPU.ActiveCfg = Release|Any CPU
		{34B1A485-A251-4BC4-8F57-8291578E0707}.Release|Any CPU.Build.0 = Release|Any CPU
		{34B1A485-A251-4BC4-8F57-8291578E0707}.Release|x64.ActiveCfg = Release|x64
		{34B1A485-A251-4BC4-8F57-8291578E0707}.Release|x64.Build.0 = Release|x64
		{34B1A485-A251-4BC4-8F57-8291578E0707}.Release|x86.ActiveCfg = Release|x86
		{34B1A485-A251-4BC4-8F57-8291578E0707}.Release|x86.Build.0 = Release|x86
		{9D6A5FFA-F5DD-4DBB-A16A-5C3CAD99AF3D}.Debug|Any CPU.ActiveCfg = Debug|Any CPU
		{9D6A5FFA-F5DD-4DBB-A16A-5C3CAD99AF3D}.Debug|Any CPU.Build.0 = Debug|Any CPU
		{9D6A5FFA-F5DD-4DBB-A16A-5C3CAD99AF3D}.Debug|x64.ActiveCfg = Debug|x64
		{9D6A5FFA-F5DD-4DBB-A16A-5C3CAD99AF3D}.Debug|x64.Build.0 = Debug|x64
		{9D6A5FFA-F5DD-4DBB-A16A-5C3CAD99AF3D}.Debug|x86.ActiveCfg = Debug|x86
		{9D6A5FFA-F5DD-4DBB-A16A-5C3CAD99AF3D}.Debug|x86.Build.0 = Debug|x86
		{9D6A5FFA-F5DD-4DBB-A16A-5C3CAD99AF3D}.Release|Any CPU.ActiveCfg = Release|Any CPU
		{9D6A5FFA-F5DD-4DBB-A16A-5C3CAD99AF3D}.Release|Any CPU.Build.0 = Release|Any CPU
		{9D6A5FFA-F5DD-4DBB-A16A-5C3CAD99AF3D}.Release|x64.ActiveCfg = Release|x64
		{9D6A5FFA-F5DD-4DBB-A16A-5C3CAD99AF3D}.Release|x64.Build.0 = Release|x64
		{9D6A5FFA-F5DD-4DBB-A16A-5C3CAD99AF3D}.Release|x86.ActiveCfg = Release|x86
		{9D6A5FFA-F5DD-4DBB-A16A-5C3CAD99AF3D}.Release|x86.Build.0 = Release|x86
		{65C8D20B-644C-47EF-B434-B3ADDD2B1690}.Debug|Any CPU.ActiveCfg = Debug|Any CPU
		{65C8D20B-644C-47EF-B434-B3ADDD2B1690}.Debug|Any CPU.Build.0 = Debug|Any CPU
		{65C8D20B-644C-47EF-B434-B3ADDD2B1690}.Debug|x64.ActiveCfg = Debug|x64
		{65C8D20B-644C-47EF-B434-B3ADDD2B1690}.Debug|x64.Build.0 = Debug|x64
		{65C8D20B-644C-47EF-B434-B3ADDD2B1690}.Debug|x86.ActiveCfg = Debug|x86
		{65C8D20B-644C-47EF-B434-B3ADDD2B1690}.Debug|x86.Build.0 = Debug|x86
		{65C8D20B-644C-47EF-B434-B3ADDD2B1690}.Release|Any CPU.ActiveCfg = Release|Any CPU
		{65C8D20B-644C-47EF-B434-B3ADDD2B1690}.Release|Any CPU.Build.0 = Release|Any CPU
		{65C8D20B-644C-47EF-B434-B3ADDD2B1690}.Release|x64.ActiveCfg = Release|x64
		{65C8D20B-644C-47EF-B434-B3ADDD2B1690}.Release|x64.Build.0 = Release|x64
		{65C8D20B-644C-47EF-B434-B3ADDD2B1690}.Release|x86.ActiveCfg = Release|x86
		{65C8D20B-644C-47EF-B434-B3ADDD2B1690}.Release|x86.Build.0 = Release|x86
	EndGlobalSection
	GlobalSection(SolutionProperties) = preSolution
		HideSolutionNode = FALSE
	EndGlobalSection
EndGlobal
